
Microsoft Visual Studio Solution File, Format Version 12.00
# Visual Studio Version 16
VisualStudioVersion = 16.0.29326.143
MinimumVisualStudioVersion = 10.0.40219.1
Project("{8BC9CEB8-8B4A-11D0-8D11-00A0C91BC942}") = "OpenGL_2", "OpenGl_2\OpenGL_2.vcxproj", "{F30EDD02-E0C2-4D3A-896A-F2D5024777F9}"
EndProject
Project("{8BC9CEB8-8B4A-11D0-8D11-00A0C91BC942}") = "EyePointProvider", "EyePointProvider\EyePointProvider.vcxproj", "{22F31FAD-C147-41A9-B503-5F2CC73A64C6}"
EndProject
Global
	GlobalSection(SolutionConfigurationPlatforms) = preSolution
		Debug|Win32 = Debug|Win32
		Debug|x64 = Debug|x64
		Profile|Win32 = Profile|Win32
		Profile|x64 = Profile|x64
		Release|Win32 = Release|Win32
		Release|x64 = Release|x64
	EndGlobalSection
	GlobalSection(ProjectConfigurationPlatforms) = postSolution
		{D3D09003-96D0-4629-88B8-122C0256058C}.Debug|Win32.ActiveCfg = Debug|Win32
		{D3D09003-96D0-4629-88B8-122C0256058C}.Debug|Win32.Build.0 = Debug|Win32
		{D3D09003-96D0-4629-88B8-122C0256058C}.Debug|x64.ActiveCfg = Debug|x64
		{D3D09003-96D0-4629-88B8-122C0256058C}.Debug|x64.Build.0 = Debug|x64
		{D3D09003-96D0-4629-88B8-122C0256058C}.Profile|Win32.ActiveCfg = Profile|Win32
		{D3D09003-96D0-4629-88B8-122C0256058C}.Profile|Win32.Build.0 = Profile|Win32
		{D3D09003-96D0-4629-88B8-122C0256058C}.Profile|x64.ActiveCfg = Profile|x64
		{D3D09003-96D0-4629-88B8-122C0256058C}.Profile|x64.Build.0 = Profile|x64
		{D3D09003-96D0-4629-88B8-122C0256058C}.Release|Win32.ActiveCfg = Release|Win32
		{D3D09003-96D0-4629-88B8-122C0256058C}.Release|Win32.Build.0 = Release|Win32
		{D3D09003-96D0-4629-88B8-122C0256058C}.Release|x64.ActiveCfg = Release|x64
		{D3D09003-96D0-4629-88B8-122C0256058C}.Release|x64.Build.0 = Release|x64
		{F30EDD02-E0C2-4D3A-896A-F2D5024777F9}.Debug|Win32.ActiveCfg = Debug|Win32
		{F30EDD02-E0C2-4D3A-896A-F2D5024777F9}.Debug|Win32.Build.0 = Debug|Win32
		{F30EDD02-E0C2-4D3A-896A-F2D5024777F9}.Debug|x64.ActiveCfg = Debug|Win32
		{F30EDD02-E0C2-4D3A-896A-F2D5024777F9}.Debug|x64.Build.0 = Debug|Win32
		{F30EDD02-E0C2-4D3A-896A-F2D5024777F9}.Profile|Win32.ActiveCfg = Release|Win32
		{F30EDD02-E0C2-4D3A-896A-F2D5024777F9}.Profile|Win32.Build.0 = Release|Win32
		{F30EDD02-E0C2-4D3A-896A-F2D5024777F9}.Profile|x64.ActiveCfg = Release|Win32
		{F30EDD02-E0C2-4D3A-896A-F2D5024777F9}.Release|Win32.ActiveCfg = Release|Win32
		{F30EDD02-E0C2-4D3A-896A-F2D5024777F9}.Release|Win32.Build.0 = Release|Win32
		{F30EDD02-E0C2-4D3A-896A-F2D5024777F9}.Release|x64.ActiveCfg = Release|Win32
		{9C4FB60F-AFFE-429B-ABD2-7F38ACAD1FC6}.Debug|Win32.ActiveCfg = Debug|Win32
		{9C4FB60F-AFFE-429B-ABD2-7F38ACAD1FC6}.Debug|Win32.Build.0 = Debug|Win32
		{9C4FB60F-AFFE-429B-ABD2-7F38ACAD1FC6}.Debug|x64.ActiveCfg = Debug|x64
		{9C4FB60F-AFFE-429B-ABD2-7F38ACAD1FC6}.Debug|x64.Build.0 = Debug|x64
		{9C4FB60F-AFFE-429B-ABD2-7F38ACAD1FC6}.Profile|Win32.ActiveCfg = Profile|Win32
		{9C4FB60F-AFFE-429B-ABD2-7F38ACAD1FC6}.Profile|Win32.Build.0 = Profile|Win32
		{9C4FB60F-AFFE-429B-ABD2-7F38ACAD1FC6}.Profile|x64.ActiveCfg = Profile|x64
		{9C4FB60F-AFFE-429B-ABD2-7F38ACAD1FC6}.Profile|x64.Build.0 = Profile|x64
		{9C4FB60F-AFFE-429B-ABD2-7F38ACAD1FC6}.Release|Win32.ActiveCfg = Release|Win32
		{9C4FB60F-AFFE-429B-ABD2-7F38ACAD1FC6}.Release|Win32.Build.0 = Release|Win32
		{9C4FB60F-AFFE-429B-ABD2-7F38ACAD1FC6}.Release|x64.ActiveCfg = Release|x64
		{9C4FB60F-AFFE-429B-ABD2-7F38ACAD1FC6}.Release|x64.Build.0 = Release|x64
		{22F31FAD-C147-41A9-B503-5F2CC73A64C6}.Debug|Win32.ActiveCfg = Debug|Win32
		{22F31FAD-C147-41A9-B503-5F2CC73A64C6}.Debug|Win32.Build.0 = Debug|Win32
		{22F31FAD-C147-41A9-B503-5F2CC73A64C6}.Debug|x64.ActiveCfg = Debug|x64
		{22F31FAD-C147-41A9-B503-5F2CC73A64C6}.Debug|x64.Build.0 = Debug|x64
		{22F31FAD-C147-41A9-B503-5F2CC73A64C6}.Profile|Win32.ActiveCfg = Release|x64
		{22F31FAD-C147-41A9-B503-5F2CC73A64C6}.Profile|x64.ActiveCfg = Release|x64
		{22F31FAD-C147-41A9-B503-5F2CC73A64C6}.Profile|x64.Build.0 = Release|x64
		{22F31FAD-C147-41A9-B503-5F2CC73A64C6}.Release|Win32.ActiveCfg = Release|Win32
		{22F31FAD-C147-41A9-B503-5F2CC73A64C6}.Release|Win32.Build.0 = Release|Win32
		{22F31FAD-C147-41A9-B503-5F2CC73A64C6}.Release|x64.ActiveCfg = Release|x64
		{22F31FAD-C147-41A9-B503-5F2CC73A64C6}.Release|x64.Build.0 = Release|x64
	EndGlobalSection
	GlobalSection(SolutionProperties) = preSolution
		HideSolutionNode = FALSE
	EndGlobalSection
	GlobalSection(ExtensibilityGlobals) = postSolution
		SolutionGuid = {A4FD7B49-AFCC-46BC-AA9A-9E9CBB55C2E5}
	EndGlobalSection
EndGlobal
